
Microsoft Visual Studio Solution File, Format Version 12.00
# Visual Studio 2012
Project("{FAE04EC0-301F-11D3-BF4B-00C04F79EFBC}") = "CreditCardScan", "CreditCardScan\CreditCardScan.csproj", "{7E275E44-8319-4C1C-BE7B-A870CA5D1FF4}"
EndProject
Project("{FAE04EC0-301F-11D3-BF4B-00C04F79EFBC}") = "CreditCardScan.Droid", "CreditCardScan.Droid\CreditCardScan.Droid.csproj", "{73493D8F-4334-40BC-B148-80C46CFC2E2C}"
EndProject
Global
	GlobalSection(SolutionConfigurationPlatforms) = preSolution
		Debug|Any CPU = Debug|Any CPU
		Release|Any CPU = Release|Any CPU
	EndGlobalSection
	GlobalSection(ProjectConfigurationPlatforms) = postSolution
		{7E275E44-8319-4C1C-BE7B-A870CA5D1FF4}.Debug|Any CPU.ActiveCfg = Debug|Any CPU
		{7E275E44-8319-4C1C-BE7B-A870CA5D1FF4}.Debug|Any CPU.Build.0 = Debug|Any CPU
		{7E275E44-8319-4C1C-BE7B-A870CA5D1FF4}.Release|Any CPU.ActiveCfg = Release|Any CPU
		{7E275E44-8319-4C1C-BE7B-A870CA5D1FF4}.Release|Any CPU.Build.0 = Release|Any CPU
		{73493D8F-4334-40BC-B148-80C46CFC2E2C}.Debug|Any CPU.ActiveCfg = Debug|Any CPU
		{73493D8F-4334-40BC-B148-80C46CFC2E2C}.Debug|Any CPU.Build.0 = Debug|Any CPU
		{73493D8F-4334-40BC-B148-80C46CFC2E2C}.Release|Any CPU.ActiveCfg = Release|Any CPU
		{73493D8F-4334-40BC-B148-80C46CFC2E2C}.Release|Any CPU.Build.0 = Release|Any CPU
	EndGlobalSection
EndGlobal
